
Microsoft Visual Studio Solution File, Format Version 12.00
# Visual Studio 15
VisualStudioVersion = 15.0.28307.329
MinimumVisualStudioVersion = 10.0.40219.1
Project("{F184B08F-C81C-45F6-A57F-5ABD9991F28F}") = "veterinario", "veterinario\veterinario.vbproj", "{8086CD69-C51D-41E4-B232-B67895A352F6}"
EndProject
Global
	GlobalSection(SolutionConfigurationPlatforms) = preSolution
		Debug|Any CPU = Debug|Any CPU
		Release|Any CPU = Release|Any CPU
	EndGlobalSection
	GlobalSection(ProjectConfigurationPlatforms) = postSolution
		{8086CD69-C51D-41E4-B232-B67895A352F6}.Debug|Any CPU.ActiveCfg = Debug|Any CPU
		{8086CD69-C51D-41E4-B232-B67895A352F6}.Debug|Any CPU.Build.0 = Debug|Any CPU
		{8086CD69-C51D-41E4-B232-B67895A352F6}.Release|Any CPU.ActiveCfg = Release|Any CPU
		{8086CD69-C51D-41E4-B232-B67895A352F6}.Release|Any CPU.Build.0 = Release|Any CPU
	EndGlobalSection
	GlobalSection(SolutionProperties) = preSolution
		HideSolutionNode = FALSE
	EndGlobalSection
	GlobalSection(ExtensibilityGlobals) = postSolution
		SolutionGuid = {66EDFDDC-E8F7-4A20-B4E0-8A95FAD2C746}
	EndGlobalSection
EndGlobal
